github.com/luizdepra/hugo-coder v0.0.0-20220730193349-cb5fb606277a h1:rEnDsKvRXyo+JTDwzdI5FrMwzbdi/oU4v7TOUryxXxc=
github.com/luizdepra/hugo-coder v0.0.0-20220730193349-cb5fb606277a/go.mod h1:9EQBf2rU+NPjlohGuKcEgdqSeOc3tIQoOty4xPpuUQ4=
github.com/luizdepra/hugo-coder v0.0.0-20220811201617-688fc5512318 h1:CR8ft8ZxH/ajDPOK8pD8hPTzRC1nHpJRO/Qe+1XEi18=
github.com/luizdepra/hugo-coder v0.0.0-20220811201617-688fc5512318/go.mod h1:9EQBf2rU+NPjlohGuKcEgdqSeOc3tIQoOty4xPpuUQ4=
github.com/luizdepra/hugo-coder v0.0.0-20220812144808-a9179a95fb7f h1:PuJpNF2Wx4WpecW+ntpQeM+yAPerF9VTBUvj0BrixpE=
github.com/luizdepra/hugo-coder v0.0.0-20220812144808-a9179a95fb7f/go.mod h1:9EQBf2rU+NPjlohGuKcEgdqSeOc3tIQoOty4xPpuUQ4=
