github.com/luizdepra/hugo-coder v0.0.0-20220730193349-cb5fb606277a h1:rEnDsKvRXyo+JTDwzdI5FrMwzbdi/oU4v7TOUryxXxc=
github.com/luizdepra/hugo-coder v0.0.0-20220730193349-cb5fb606277a/go.mod h1:9EQBf2rU+NPjlohGuKcEgdqSeOc3tIQoOty4xPpuUQ4=
github.com/luizdepra/hugo-coder v0.0.0-20220811201617-688fc5512318 h1:CR8ft8ZxH/ajDPOK8pD8hPTzRC1nHpJRO/Qe+1XEi18=
github.com/luizdepra/hugo-coder v0.0.0-20220811201617-688fc5512318/go.mod h1:9EQBf2rU+NPjlohGuKcEgdqSeOc3tIQoOty4xPpuUQ4=
github.com/luizdepra/hugo-coder v0.0.0-20220812144808-a9179a95fb7f h1:PuJpNF2Wx4WpecW+ntpQeM+yAPerF9VTBUvj0BrixpE=
github.com/luizdepra/hugo-coder v0.0.0-20220812144808-a9179a95fb7f/go.mod h1:9EQBf2rU+NPjlohGuKcEgdqSeOc3tIQoOty4xPpuUQ4=
github.com/luizdepra/hugo-coder v0.0.0-20220816132859-900c7efb3cf2 h1:teVupqKziL3odXCUAyOcNr4f4WBEPPm3Mwi72/ap3CU=
github.com/luizdepra/hugo-coder v0.0.0-20220816132859-900c7efb3cf2/go.mod h1:9EQBf2rU+NPjlohGuKcEgdqSeOc3tIQoOty4xPpuUQ4=
github.com/luizdepra/hugo-coder v0.0.0-20220902184613-476429d42ac1 h1:FQBpsVurGOpSwWRkUST4XbMFJxwX3bYXEK822RpWWdE=
github.com/luizdepra/hugo-coder v0.0.0-20220902184613-476429d42ac1/go.mod h1:9EQBf2rU+NPjlohGuKcEgdqSeOc3tIQoOty4xPpuUQ4=
github.com/luizdepra/hugo-coder v0.0.0-20220906130814-5e56c8c11505 h1:9dom4utU9UCbqyDQtnx/WRD2GjxQkS7j1mecf/dGjDk=
github.com/luizdepra/hugo-coder v0.0.0-20220906130814-5e56c8c11505/go.mod h1:9EQBf2rU+NPjlohGuKcEgdqSeOc3tIQoOty4xPpuUQ4=
github.com/luizdepra/hugo-coder v0.0.0-20221011124307-a98c473a2669 h1:iMp23f3IGq/G389DzTnAXNKVAl825AIVIqfKvs+U87Y=
github.com/luizdepra/hugo-coder v0.0.0-20221011124307-a98c473a2669/go.mod h1:9EQBf2rU+NPjlohGuKcEgdqSeOc3tIQoOty4xPpuUQ4=
github.com/luizdepra/hugo-coder v0.0.0-20221017150357-5c4502ae75ad h1:JICgd4FXW1BiVSkwHcExl7dqT1UAd52qenBS+ZtMdeA=
github.com/luizdepra/hugo-coder v0.0.0-20221017150357-5c4502ae75ad/go.mod h1:9EQBf2rU+NPjlohGuKcEgdqSeOc3tIQoOty4xPpuUQ4=
github.com/luizdepra/hugo-coder v0.0.0-20221212231810-7fa76b460a7e h1:O8dJ2w/r6F8aFOrOMMlh+SJkrkGUCDqFNWkg5U/5a6Y=
github.com/luizdepra/hugo-coder v0.0.0-20221212231810-7fa76b460a7e/go.mod h1:9EQBf2rU+NPjlohGuKcEgdqSeOc3tIQoOty4xPpuUQ4=
github.com/luizdepra/hugo-coder v0.0.0-20221216144924-57d7d5eb05d9 h1:dk8JyiAiLTXDYtlTlDSxe/DV6C79MZCobP6CV5fCEcw=
github.com/luizdepra/hugo-coder v0.0.0-20221216144924-57d7d5eb05d9/go.mod h1:9EQBf2rU+NPjlohGuKcEgdqSeOc3tIQoOty4xPpuUQ4=
github.com/luizdepra/hugo-coder v0.0.0-20221226211350-20bc7e672217 h1:OYL5tbfvkW2Pdf/nTQlXEGRPDA41/R+AcfPBlt/DHiA=
github.com/luizdepra/hugo-coder v0.0.0-20221226211350-20bc7e672217/go.mod h1:9EQBf2rU+NPjlohGuKcEgdqSeOc3tIQoOty4xPpuUQ4=
github.com/luizdepra/hugo-coder v0.0.0-20230105122715-473ff712bdbe h1:rtALDzv46gF19hB8o3EErvDDP0MTTmRWFt0oOv59rjg=
github.com/luizdepra/hugo-coder v0.0.0-20230105122715-473ff712bdbe/go.mod h1:9EQBf2rU+NPjlohGuKcEgdqSeOc3tIQoOty4xPpuUQ4=
github.com/luizdepra/hugo-coder v0.0.0-20230110215216-6407a2039bca h1:BxMkG5BG9p6Xg6z/5lXP647rC0g1/97a/Y1OB63k/h8=
github.com/luizdepra/hugo-coder v0.0.0-20230110215216-6407a2039bca/go.mod h1:9EQBf2rU+NPjlohGuKcEgdqSeOc3tIQoOty4xPpuUQ4=
