github.com/luizdepra/hugo-coder v0.0.0-20220730193349-cb5fb606277a h1:rEnDsKvRXyo+JTDwzdI5FrMwzbdi/oU4v7TOUryxXxc=
github.com/luizdepra/hugo-coder v0.0.0-20220730193349-cb5fb606277a/go.mod h1:9EQBf2rU+NPjlohGuKcEgdqSeOc3tIQoOty4xPpuUQ4=
github.com/luizdepra/hugo-coder v0.0.0-20220811201617-688fc5512318 h1:CR8ft8ZxH/ajDPOK8pD8hPTzRC1nHpJRO/Qe+1XEi18=
github.com/luizdepra/hugo-coder v0.0.0-20220811201617-688fc5512318/go.mod h1:9EQBf2rU+NPjlohGuKcEgdqSeOc3tIQoOty4xPpuUQ4=
github.com/luizdepra/hugo-coder v0.0.0-20220812144808-a9179a95fb7f h1:PuJpNF2Wx4WpecW+ntpQeM+yAPerF9VTBUvj0BrixpE=
github.com/luizdepra/hugo-coder v0.0.0-20220812144808-a9179a95fb7f/go.mod h1:9EQBf2rU+NPjlohGuKcEgdqSeOc3tIQoOty4xPpuUQ4=
github.com/luizdepra/hugo-coder v0.0.0-20220816132859-900c7efb3cf2 h1:teVupqKziL3odXCUAyOcNr4f4WBEPPm3Mwi72/ap3CU=
github.com/luizdepra/hugo-coder v0.0.0-20220816132859-900c7efb3cf2/go.mod h1:9EQBf2rU+NPjlohGuKcEgdqSeOc3tIQoOty4xPpuUQ4=
github.com/luizdepra/hugo-coder v0.0.0-20220902184613-476429d42ac1 h1:FQBpsVurGOpSwWRkUST4XbMFJxwX3bYXEK822RpWWdE=
github.com/luizdepra/hugo-coder v0.0.0-20220902184613-476429d42ac1/go.mod h1:9EQBf2rU+NPjlohGuKcEgdqSeOc3tIQoOty4xPpuUQ4=
github.com/luizdepra/hugo-coder v0.0.0-20220906130814-5e56c8c11505 h1:9dom4utU9UCbqyDQtnx/WRD2GjxQkS7j1mecf/dGjDk=
github.com/luizdepra/hugo-coder v0.0.0-20220906130814-5e56c8c11505/go.mod h1:9EQBf2rU+NPjlohGuKcEgdqSeOc3tIQoOty4xPpuUQ4=
github.com/luizdepra/hugo-coder v0.0.0-20221011124307-a98c473a2669 h1:iMp23f3IGq/G389DzTnAXNKVAl825AIVIqfKvs+U87Y=
github.com/luizdepra/hugo-coder v0.0.0-20221011124307-a98c473a2669/go.mod h1:9EQBf2rU+NPjlohGuKcEgdqSeOc3tIQoOty4xPpuUQ4=
github.com/luizdepra/hugo-coder v0.0.0-20221017150357-5c4502ae75ad h1:JICgd4FXW1BiVSkwHcExl7dqT1UAd52qenBS+ZtMdeA=
github.com/luizdepra/hugo-coder v0.0.0-20221017150357-5c4502ae75ad/go.mod h1:9EQBf2rU+NPjlohGuKcEgdqSeOc3tIQoOty4xPpuUQ4=
github.com/luizdepra/hugo-coder v0.0.0-20221212231810-7fa76b460a7e h1:O8dJ2w/r6F8aFOrOMMlh+SJkrkGUCDqFNWkg5U/5a6Y=
github.com/luizdepra/hugo-coder v0.0.0-20221212231810-7fa76b460a7e/go.mod h1:9EQBf2rU+NPjlohGuKcEgdqSeOc3tIQoOty4xPpuUQ4=
github.com/luizdepra/hugo-coder v0.0.0-20221216144924-57d7d5eb05d9 h1:dk8JyiAiLTXDYtlTlDSxe/DV6C79MZCobP6CV5fCEcw=
github.com/luizdepra/hugo-coder v0.0.0-20221216144924-57d7d5eb05d9/go.mod h1:9EQBf2rU+NPjlohGuKcEgdqSeOc3tIQoOty4xPpuUQ4=
github.com/luizdepra/hugo-coder v0.0.0-20221226211350-20bc7e672217 h1:OYL5tbfvkW2Pdf/nTQlXEGRPDA41/R+AcfPBlt/DHiA=
github.com/luizdepra/hugo-coder v0.0.0-20221226211350-20bc7e672217/go.mod h1:9EQBf2rU+NPjlohGuKcEgdqSeOc3tIQoOty4xPpuUQ4=
github.com/luizdepra/hugo-coder v0.0.0-20230105122715-473ff712bdbe h1:rtALDzv46gF19hB8o3EErvDDP0MTTmRWFt0oOv59rjg=
github.com/luizdepra/hugo-coder v0.0.0-20230105122715-473ff712bdbe/go.mod h1:9EQBf2rU+NPjlohGuKcEgdqSeOc3tIQoOty4xPpuUQ4=
github.com/luizdepra/hugo-coder v0.0.0-20230110215216-6407a2039bca h1:BxMkG5BG9p6Xg6z/5lXP647rC0g1/97a/Y1OB63k/h8=
github.com/luizdepra/hugo-coder v0.0.0-20230110215216-6407a2039bca/go.mod h1:9EQBf2rU+NPjlohGuKcEgdqSeOc3tIQoOty4xPpuUQ4=
github.com/luizdepra/hugo-coder v0.0.0-20230122232529-09e04bcbb5d7 h1:HAEEQhpLtzuAkZbgF4RLRy8jJlLWNM7X7v9EINDHr8A=
github.com/luizdepra/hugo-coder v0.0.0-20230122232529-09e04bcbb5d7/go.mod h1:9EQBf2rU+NPjlohGuKcEgdqSeOc3tIQoOty4xPpuUQ4=
github.com/luizdepra/hugo-coder v0.0.0-20230130011526-215fc8e70731 h1:37AKIhDbkylNUAOQrLcmj2sMbuaMxhz75qCMvP8UwBA=
github.com/luizdepra/hugo-coder v0.0.0-20230130011526-215fc8e70731/go.mod h1:9EQBf2rU+NPjlohGuKcEgdqSeOc3tIQoOty4xPpuUQ4=
github.com/luizdepra/hugo-coder v0.0.0-20230207234447-5c2476be1c29 h1:/VqJHlTTP2otqmmV8CwW5f4LkVjjJiwu0h7ngMBSauw=
github.com/luizdepra/hugo-coder v0.0.0-20230207234447-5c2476be1c29/go.mod h1:9EQBf2rU+NPjlohGuKcEgdqSeOc3tIQoOty4xPpuUQ4=
github.com/luizdepra/hugo-coder v0.0.0-20230305183243-3c5a33d8f839 h1:rPddssY7FcFLfJmt/nYTSty6UvpZhFnnTJ316aKQRns=
github.com/luizdepra/hugo-coder v0.0.0-20230305183243-3c5a33d8f839/go.mod h1:9EQBf2rU+NPjlohGuKcEgdqSeOc3tIQoOty4xPpuUQ4=
github.com/luizdepra/hugo-coder v0.0.0-20230312192052-5ad452218dcb h1:e6Bc67tI1Al2Imk7tONBuz26qhb4ffzfudagviG0EcA=
github.com/luizdepra/hugo-coder v0.0.0-20230312192052-5ad452218dcb/go.mod h1:9EQBf2rU+NPjlohGuKcEgdqSeOc3tIQoOty4xPpuUQ4=
github.com/luizdepra/hugo-coder v0.0.0-20230322121603-a198b8eb15c0 h1:zXvQBtc2i7Tr1Dyt6NKAwCLSS7mOCPnr53xoAjdAiwg=
github.com/luizdepra/hugo-coder v0.0.0-20230322121603-a198b8eb15c0/go.mod h1:9EQBf2rU+NPjlohGuKcEgdqSeOc3tIQoOty4xPpuUQ4=
github.com/luizdepra/hugo-coder v0.0.0-20230406234124-2bb0a945b6e5 h1:4yGJ3JerUgYfylx2MuXfyupk7AmV3j2fs2HCuW1lMi8=
github.com/luizdepra/hugo-coder v0.0.0-20230406234124-2bb0a945b6e5/go.mod h1:9EQBf2rU+NPjlohGuKcEgdqSeOc3tIQoOty4xPpuUQ4=
github.com/luizdepra/hugo-coder v0.0.0-20230409012211-d336b3cc3a65 h1:jLZRQdK0Hwl73MzRTwM1gcy/azxnNuHXkXoDDXJkQMk=
github.com/luizdepra/hugo-coder v0.0.0-20230409012211-d336b3cc3a65/go.mod h1:9EQBf2rU+NPjlohGuKcEgdqSeOc3tIQoOty4xPpuUQ4=
